{
  "name": "website-skeleton-skill",
  "version": "3.0.0",
  "lockfileVersion": 3,
  "requires": true,
  "packages": {
    "": {
      "name": "website-skeleton-skill",
      "version": "3.0.0",
      "license": "MIT",
      "workspaces": [
        "packages/shared",
        "packages/payment",
        "packages/admin"
      ]
    },
    "node_modules/@website-skeleton/admin": {
      "resolved": "packages/admin",
      "link": true
    },
    "node_modules/@website-skeleton/payment": {
      "resolved": "packages/payment",
      "link": true
    },
    "node_modules/@website-skeleton/shared": {
      "resolved": "packages/shared",
      "link": true
    },
    "packages/admin": {
      "name": "@website-skeleton/admin",
      "version": "1.0.0",
      "license": "MIT",
      "dependencies": {
        "@website-skeleton/shared": "^3.0.0"
      }
    },
    "packages/payment": {
      "name": "@website-skeleton/payment",
      "version": "1.0.0",
      "license": "MIT",
      "dependencies": {
        "@website-skeleton/shared": "^3.0.0"
      }
    },
    "packages/shared": {
      "name": "@website-skeleton/shared",
      "version": "3.0.0",
      "license": "MIT"
    }
  }
}
